
Microsoft Visual Studio Solution File, Format Version 12.00
# SQL Server Management Studio Version 21
VisualStudioVersion = 17.14.36109.1
MinimumVisualStudioVersion = 10.0.40219.1
Project("{4F2E2C19-372F-40D8-9FA7-9D2138C6997A}") = "Week1", "Week1\Week1.ssmssqlproj", "{65765DDA-E994-76A8-D240-860760A86754}"
EndProject
Global
	GlobalSection(SolutionConfigurationPlatforms) = preSolution
		Default|Default = Default|Default
	EndGlobalSection
	GlobalSection(ProjectConfigurationPlatforms) = postSolution
		{65765DDA-E994-76A8-D240-860760A86754}.Default|Default.ActiveCfg = Default
		{03A03BE7-A47A-4129-8C75-F5A4191FAC3E}.Default|Default.ActiveCfg = Default
	EndGlobalSection
	GlobalSection(SolutionProperties) = preSolution
		HideSolutionNode = FALSE
	EndGlobalSection
	GlobalSection(ExtensibilityGlobals) = postSolution
		SolutionGuid = {0F179842-CA42-4885-B58C-3CAE43C68C98}
	EndGlobalSection
EndGlobal
